
Microsoft Visual Studio Solution File, Format Version 12.00
# Visual Studio Version 17
VisualStudioVersion = 17.11.35312.102
MinimumVisualStudioVersion = 10.0.40219.1
Project("{FAE04EC0-301F-11D3-BF4B-00C04F79EFBC}") = "интернет - магазин с исп. конструкторов и деконструкторов", "интернет - магазин с исп. конструкторов и деконструкторов\интернет - магазин с исп. конструкторов и деконструкторов.csproj", "{004D3B0E-798D-43A6-A793-EB2AF29196BD}"
EndProject
Global
	GlobalSection(SolutionConfigurationPlatforms) = preSolution
		Debug|Any CPU = Debug|Any CPU
		Release|Any CPU = Release|Any CPU
	EndGlobalSection
	GlobalSection(ProjectConfigurationPlatforms) = postSolution
		{004D3B0E-798D-43A6-A793-EB2AF29196BD}.Debug|Any CPU.ActiveCfg = Debug|Any CPU
		{004D3B0E-798D-43A6-A793-EB2AF29196BD}.Debug|Any CPU.Build.0 = Debug|Any CPU
		{004D3B0E-798D-43A6-A793-EB2AF29196BD}.Release|Any CPU.ActiveCfg = Release|Any CPU
		{004D3B0E-798D-43A6-A793-EB2AF29196BD}.Release|Any CPU.Build.0 = Release|Any CPU
	EndGlobalSection
	GlobalSection(SolutionProperties) = preSolution
		HideSolutionNode = FALSE
	EndGlobalSection
	GlobalSection(ExtensibilityGlobals) = postSolution
		SolutionGuid = {56FA532C-A75A-4E52-8A34-81A418FD870F}
	EndGlobalSection
EndGlobal
